
Microsoft Visual Studio Solution File, Format Version 12.00
# Visual Studio Version 16
VisualStudioVersion = 16.0.30907.101
MinimumVisualStudioVersion = 10.0.40219.1
Project("{9A19103F-16F7-4668-BE54-9A1E7A4F7556}") = "UsingCppDlls", "UsingCppDlls\UsingCppDlls.csproj", "{05072121-5326-44D3-9D61-9D415E445AA6}"
EndProject
Global
	GlobalSection(SolutionConfigurationPlatforms) = preSolution
		Debug|Any CPU = Debug|Any CPU
		Release|Any CPU = Release|Any CPU
	EndGlobalSection
	GlobalSection(ProjectConfigurationPlatforms) = postSolution
		{05072121-5326-44D3-9D61-9D415E445AA6}.Debug|Any CPU.ActiveCfg = Debug|Any CPU
		{05072121-5326-44D3-9D61-9D415E445AA6}.Debug|Any CPU.Build.0 = Debug|Any CPU
		{05072121-5326-44D3-9D61-9D415E445AA6}.Release|Any CPU.ActiveCfg = Release|Any CPU
		{05072121-5326-44D3-9D61-9D415E445AA6}.Release|Any CPU.Build.0 = Release|Any CPU
	EndGlobalSection
	GlobalSection(SolutionProperties) = preSolution
		HideSolutionNode = FALSE
	EndGlobalSection
	GlobalSection(ExtensibilityGlobals) = postSolution
		SolutionGuid = {3A89CC75-01DE-40DC-9DD9-16088181B385}
	EndGlobalSection
EndGlobal
